// !$*UTF8*$!
{
	archiveVersion = 1;
	classes = {
	};
	objectVersion = 46;
	objects = {

/* Begin PBXBuildFile section */
		2207E4CB176883800003F042 /* libECCore.a in Frameworks */ = {isa = PBXBuildFile; fileRef = 229628C9176221F5008D887F /* libECCore.a */; };
		2207E4CC176883800003F042 /* libECLogging.a in Frameworks */ = {isa = PBXBuildFile; fileRef = 229628CA176221F6008D887F /* libECLogging.a */; };
		2207E4CD176883800003F042 /* libGRMustache6-MacOS.a in Frameworks */ = {isa = PBXBuildFile; fileRef = 229628461760EE33008D887F /* libGRMustache6-MacOS.a */; };
		2207E4CF176883810003F042 /* libECCommandLine.a in Frameworks */ = {isa = PBXBuildFile; fileRef = 2207E4CE176883810003F042 /* libECCommandLine.a */; };
		2207E4D0176883AC0003F042 /* Cocoa.framework in Frameworks */ = {isa = PBXBuildFile; fileRef = 229628041760E1D5008D887F /* Cocoa.framework */; };
		2207E4D1176883BC0003F042 /* IOKit.framework in Frameworks */ = {isa = PBXBuildFile; fileRef = 229628CF17622726008D887F /* IOKit.framework */; };
		227867A51769CD7F001F96FB /* BCComaMomConverter.h in Headers */ = {isa = PBXBuildFile; fileRef = 227867A31769CD7F001F96FB /* BCComaMomConverter.h */; settings = {ATTRIBUTES = (Public, ); }; };
		227867A61769CD7F001F96FB /* BCComaMomConverter.m in Sources */ = {isa = PBXBuildFile; fileRef = 227867A41769CD7F001F96FB /* BCComaMomConverter.m */; };
		227867A81769CF82001F96FB /* ConverterTests.m in Sources */ = {isa = PBXBuildFile; fileRef = 227867A71769CF82001F96FB /* ConverterTests.m */; };
		227867AB1769FC9A001F96FB /* BCComaConvertCommand.m in Sources */ = {isa = PBXBuildFile; fileRef = 227867AA1769FC9A001F96FB /* BCComaConvertCommand.m */; };
		227867AE176A01FF001F96FB /* BCComaCommand.m in Sources */ = {isa = PBXBuildFile; fileRef = 227867AD176A01FB001F96FB /* BCComaCommand.m */; };
		227867B3176B7061001F96FB /* CoreDataTests.m in Sources */ = {isa = PBXBuildFile; fileRef = 227867B2176B7061001F96FB /* CoreDataTests.m */; };
		227867B8176B72C0001F96FB /* CoreData.xcdatamodeld in Sources */ = {isa = PBXBuildFile; fileRef = 227867B5176B72C0001F96FB /* CoreData.xcdatamodeld */; };
		227A0DA8182AA2E0002A0DC0 /* XCTest.framework in Frameworks */ = {isa = PBXBuildFile; fileRef = 227A0DA7182AA2E0002A0DC0 /* XCTest.framework */; settings = {ATTRIBUTES = (Required, ); }; };
		2282891B176F132A008A8B6F /* standard in CopyFiles */ = {isa = PBXBuildFile; fileRef = 2282891A176F132A008A8B6F /* standard */; };
		229627F51760E1BF008D887F /* main.m in Sources */ = {isa = PBXBuildFile; fileRef = 229627F41760E1BF008D887F /* main.m */; };
		229627F91760E1C0008D887F /* Coma.1 in CopyFiles */ = {isa = PBXBuildFile; fileRef = 229627F81760E1C0008D887F /* Coma.1 */; };
		229628051760E1D5008D887F /* Cocoa.framework in Frameworks */ = {isa = PBXBuildFile; fileRef = 229628041760E1D5008D887F /* Cocoa.framework */; };
		2296280F1760E1D5008D887F /* BCComaEngine.m in Sources */ = {isa = PBXBuildFile; fileRef = 2296280E1760E1D5008D887F /* BCComaEngine.m */; };
		229628181760E1D5008D887F /* Cocoa.framework in Frameworks */ = {isa = PBXBuildFile; fileRef = 229628041760E1D5008D887F /* Cocoa.framework */; };
		2296281B1760E1D5008D887F /* libComa.a in Frameworks */ = {isa = PBXBuildFile; fileRef = 229628031760E1D5008D887F /* libComa.a */; };
		229628211760E1D5008D887F /* InfoPlist.strings in Resources */ = {isa = PBXBuildFile; fileRef = 2296281F1760E1D5008D887F /* InfoPlist.strings */; };
		229628241760E1D5008D887F /* LibraryTests.m in Sources */ = {isa = PBXBuildFile; fileRef = 229628231760E1D5008D887F /* LibraryTests.m */; };
		2296283E1760E436008D887F /* LibraryDebug.pch in Headers */ = {isa = PBXBuildFile; fileRef = 2296283B1760E436008D887F /* LibraryDebug.pch */; };
		2296283F1760E436008D887F /* LibraryRelease.pch in Headers */ = {isa = PBXBuildFile; fileRef = 2296283C1760E436008D887F /* LibraryRelease.pch */; };
		229628401760E436008D887F /* LibraryShared.pch in Headers */ = {isa = PBXBuildFile; fileRef = 2296283D1760E436008D887F /* LibraryShared.pch */; };
		229628421760E5F1008D887F /* Coma.h in Headers */ = {isa = PBXBuildFile; fileRef = 229628411760E5F1008D887F /* Coma.h */; settings = {ATTRIBUTES = (Public, ); }; };
		229628431760E767008D887F /* libComa.a in Frameworks */ = {isa = PBXBuildFile; fileRef = 229628031760E1D5008D887F /* libComa.a */; };
		229628441760E827008D887F /* SenTestingKit.framework in Frameworks */ = {isa = PBXBuildFile; fileRef = 229628161760E1D5008D887F /* SenTestingKit.framework */; };
		2296284A1760F4F7008D887F /* BCComaModel.h in Headers */ = {isa = PBXBuildFile; fileRef = 229628481760F4F7008D887F /* BCComaModel.h */; };
		2296284B1760F4F7008D887F /* BCComaModel.m in Sources */ = {isa = PBXBuildFile; fileRef = 229628491760F4F7008D887F /* BCComaModel.m */; };
		2296284E1760FBC2008D887F /* BCComaTemplates.h in Headers */ = {isa = PBXBuildFile; fileRef = 2296284C1760FBC2008D887F /* BCComaTemplates.h */; };
		2296284F1760FBC2008D887F /* BCComaTemplates.m in Sources */ = {isa = PBXBuildFile; fileRef = 2296284D1760FBC2008D887F /* BCComaTemplates.m */; };
		229628511761014B008D887F /* Data in Resources */ = {isa = PBXBuildFile; fileRef = 229628501761014B008D887F /* Data */; };
		2296285A1761D9DC008D887F /* CustomClass.h in Headers */ = {isa = PBXBuildFile; fileRef = 229628581761D9DB008D887F /* CustomClass.h */; };
		2296285C1761D9E2008D887F /* CustomClass.m in Sources */ = {isa = PBXBuildFile; fileRef = 229628591761D9DC008D887F /* CustomClass.m */; };
		2296285F1761DA1A008D887F /* BaseClass.h in Headers */ = {isa = PBXBuildFile; fileRef = 2296285D1761DA1A008D887F /* BaseClass.h */; };
		229628611761DA20008D887F /* BaseClass.m in Sources */ = {isa = PBXBuildFile; fileRef = 2296285E1761DA1A008D887F /* BaseClass.m */; };
		229628641761F29E008D887F /* ExampleBasic.m in Sources */ = {isa = PBXBuildFile; fileRef = 229628531761D8AC008D887F /* ExampleBasic.m */; };
		22962867176204D2008D887F /* ExampleUndo.m in Sources */ = {isa = PBXBuildFile; fileRef = 22962866176204D2008D887F /* ExampleUndo.m */; };
		2296286A1762198A008D887F /* BCComaLazyLoadingTemplate.h in Headers */ = {isa = PBXBuildFile; fileRef = 229628681762198A008D887F /* BCComaLazyLoadingTemplate.h */; };
		2296286B1762198A008D887F /* BCComaLazyLoadingTemplate.m in Sources */ = {isa = PBXBuildFile; fileRef = 229628691762198A008D887F /* BCComaLazyLoadingTemplate.m */; };
		229628CB176221F6008D887F /* libECCore.a in Frameworks */ = {isa = PBXBuildFile; fileRef = 229628C9176221F5008D887F /* libECCore.a */; };
		229628CC176221F6008D887F /* libECLogging.a in Frameworks */ = {isa = PBXBuildFile; fileRef = 229628CA176221F6008D887F /* libECLogging.a */; };
		229628D017622726008D887F /* IOKit.framework in Frameworks */ = {isa = PBXBuildFile; fileRef = 229628CF17622726008D887F /* IOKit.framework */; };
		229628D3176238D5008D887F /* ECUnitTests.framework in Frameworks */ = {isa = PBXBuildFile; fileRef = 229628D2176238D5008D887F /* ECUnitTests.framework */; };
		2296A8541768987E00BF0566 /* BCComaGenerateCommand.m in Sources */ = {isa = PBXBuildFile; fileRef = 2296A8531768987E00BF0566 /* BCComaGenerateCommand.m */; };
		22B450C417B541E40065DCC4 /* ComaSupport.m in Sources */ = {isa = PBXBuildFile; fileRef = 22B450C317B541E40065DCC4 /* ComaSupport.m */; };
		22C112ED176C93B50056A4B6 /* _Job.m in Sources */ = {isa = PBXBuildFile; fileRef = 227867CE176B7B18001F96FB /* _Job.m */; };
		22C112EE176C93B50056A4B6 /* _Person.m in Sources */ = {isa = PBXBuildFile; fileRef = 227867D0176B7B18001F96FB /* _Person.m */; };
		22C112EF176C93B50056A4B6 /* Job.m in Sources */ = {isa = PBXBuildFile; fileRef = 227867D2176B7B18001F96FB /* Job.m */; };
		22C112F0176C93B50056A4B6 /* Person.m in Sources */ = {isa = PBXBuildFile; fileRef = 227867D4176B7B18001F96FB /* Person.m */; };
		22F06D2A1768D138005E727B /* libGRMustache6-MacOS.a in Frameworks */ = {isa = PBXBuildFile; fileRef = 229628461760EE33008D887F /* libGRMustache6-MacOS.a */; };
/* End PBXBuildFile section */

/* Begin PBXContainerItemProxy section */
		229628191760E1D5008D887F /* PBXContainerItemProxy */ = {
			isa = PBXContainerItemProxy;
			containerPortal = 229627E61760E1BF008D887F /* Project object */;
			proxyType = 1;
			remoteGlobalIDString = 229628021760E1D5008D887F;
			remoteInfo = Library;
		};
/* End PBXContainerItemProxy section */

/* Begin PBXCopyFilesBuildPhase section */
		22828919176F12D1008A8B6F /* CopyFiles */ = {
			isa = PBXCopyFilesBuildPhase;
			buildActionMask = 12;
			dstPath = usr/local/share/coma;
			dstSubfolderSpec = 16;
			files = (
				2282891B176F132A008A8B6F /* standard in CopyFiles */,
			);
			runOnlyForDeploymentPostprocessing = 0;
		};
		229627EC1760E1BF008D887F /* CopyFiles */ = {
			isa = PBXCopyFilesBuildPhase;
			buildActionMask = 12;
			dstPath = usr/local/share/man/man1;
			dstSubfolderSpec = 16;
			files = (
				229627F91760E1C0008D887F /* Coma.1 in CopyFiles */,
			);
			runOnlyForDeploymentPostprocessing = 0;
		};
/* End PBXCopyFilesBuildPhase section */

/* Begin PBXFileReference section */
		2207E4CA176877760003F042 /* Info.plist */ = {isa = PBXFileReference; lastKnownFileType = text.plist.xml; path = Info.plist; sourceTree = "<group>"; };
		2207E4CE176883810003F042 /* libECCommandLine.a */ = {isa = PBXFileReference; lastKnownFileType = archive.ar; name = libECCommandLine.a; path = "../../../../../../../../../Caches/DerivedData/Coma-gyfgohgadfspibaebjmfbhfnbcbs/Build/Products/Debug/libECCommandLine.a"; sourceTree = "<group>"; };
		22164D9318181F1400ECDC0F /* README.md */ = {isa = PBXFileReference; lastKnownFileType = text; path = README.md; sourceTree = "<group>"; wrapsLines = 1; };
		2277B1FA177204490062D9BA /* standard */ = {isa = PBXFileReference; lastKnownFileType = folder; name = standard; path = Tests/Data/standard; sourceTree = SOURCE_ROOT; };
		227867A31769CD7F001F96FB /* BCComaMomConverter.h */ = {isa = PBXFileReference; fileEncoding = 4; lastKnownFileType = sourcecode.c.h; path = BCComaMomConverter.h; sourceTree = "<group>"; };
		227867A41769CD7F001F96FB /* BCComaMomConverter.m */ = {isa = PBXFileReference; fileEncoding = 4; lastKnownFileType = sourcecode.c.objc; path = BCComaMomConverter.m; sourceTree = "<group>"; };
		227867A71769CF82001F96FB /* ConverterTests.m */ = {isa = PBXFileReference; fileEncoding = 4; lastKnownFileType = sourcecode.c.objc; path = ConverterTests.m; sourceTree = "<group>"; };
		227867A91769FC9A001F96FB /* BCComaConvertCommand.h */ = {isa = PBXFileReference; fileEncoding = 4; lastKnownFileType = sourcecode.c.h; path = BCComaConvertCommand.h; sourceTree = "<group>"; };
		227867AA1769FC9A001F96FB /* BCComaConvertCommand.m */ = {isa = PBXFileReference; fileEncoding = 4; lastKnownFileType = sourcecode.c.objc; path = BCComaConvertCommand.m; sourceTree = "<group>"; };
		227867AC176A01FB001F96FB /* BCComaCommand.h */ = {isa = PBXFileReference; lastKnownFileType = sourcecode.c.h; name = BCComaCommand.h; path = ../Configs/BCComaCommand.h; sourceTree = "<group>"; };
		227867AD176A01FB001F96FB /* BCComaCommand.m */ = {isa = PBXFileReference; lastKnownFileType = sourcecode.c.objc; name = BCComaCommand.m; path = ../Configs/BCComaCommand.m; sourceTree = "<group>"; };
		227867B2176B7061001F96FB /* CoreDataTests.m */ = {isa = PBXFileReference; fileEncoding = 4; lastKnownFileType = sourcecode.c.objc; path = CoreDataTests.m; sourceTree = "<group>"; };
		227867B6176B72C0001F96FB /* CoreData.xcdatamodel */ = {isa = PBXFileReference; lastKnownFileType = wrapper.xcdatamodel; path = CoreData.xcdatamodel; sourceTree = "<group>"; };
		227867BE176B7356001F96FB /* _Job.h */ = {isa = PBXFileReference; fileEncoding = 4; lastKnownFileType = sourcecode.c.h; path = _Job.h; sourceTree = "<group>"; };
		227867BF176B7356001F96FB /* _Job.m */ = {isa = PBXFileReference; fileEncoding = 4; lastKnownFileType = sourcecode.c.objc; path = _Job.m; sourceTree = "<group>"; };
		227867C0176B7356001F96FB /* _Person.h */ = {isa = PBXFileReference; fileEncoding = 4; lastKnownFileType = sourcecode.c.h; path = _Person.h; sourceTree = "<group>"; };
		227867C1176B7356001F96FB /* _Person.m */ = {isa = PBXFileReference; fileEncoding = 4; lastKnownFileType = sourcecode.c.objc; path = _Person.m; sourceTree = "<group>"; };
		227867C2176B7356001F96FB /* Job.h */ = {isa = PBXFileReference; fileEncoding = 4; lastKnownFileType = sourcecode.c.h; path = Job.h; sourceTree = "<group>"; };
		227867C3176B7356001F96FB /* Job.m */ = {isa = PBXFileReference; fileEncoding = 4; lastKnownFileType = sourcecode.c.objc; path = Job.m; sourceTree = "<group>"; };
		227867C4176B7356001F96FB /* Person.h */ = {isa = PBXFileReference; fileEncoding = 4; lastKnownFileType = sourcecode.c.h; path = Person.h; sourceTree = "<group>"; };
		227867C5176B7356001F96FB /* Person.m */ = {isa = PBXFileReference; fileEncoding = 4; lastKnownFileType = sourcecode.c.objc; path = Person.m; sourceTree = "<group>"; };
		227867CD176B7B18001F96FB /* _Job.h */ = {isa = PBXFileReference; fileEncoding = 4; lastKnownFileType = sourcecode.c.h; path = _Job.h; sourceTree = "<group>"; };
		227867CE176B7B18001F96FB /* _Job.m */ = {isa = PBXFileReference; fileEncoding = 4; lastKnownFileType = sourcecode.c.objc; path = _Job.m; sourceTree = "<group>"; };
		227867CF176B7B18001F96FB /* _Person.h */ = {isa = PBXFileReference; fileEncoding = 4; lastKnownFileType = sourcecode.c.h; path = _Person.h; sourceTree = "<group>"; };
		227867D0176B7B18001F96FB /* _Person.m */ = {isa = PBXFileReference; fileEncoding = 4; lastKnownFileType = sourcecode.c.objc; path = _Person.m; sourceTree = "<group>"; };
		227867D1176B7B18001F96FB /* Job.h */ = {isa = PBXFileReference; fileEncoding = 4; lastKnownFileType = sourcecode.c.h; path = Job.h; sourceTree = "<group>"; };
		227867D2176B7B18001F96FB /* Job.m */ = {isa = PBXFileReference; fileEncoding = 4; lastKnownFileType = sourcecode.c.objc; path = Job.m; sourceTree = "<group>"; };
		227867D3176B7B18001F96FB /* Person.h */ = {isa = PBXFileReference; fileEncoding = 4; lastKnownFileType = sourcecode.c.h; path = Person.h; sourceTree = "<group>"; };
		227867D4176B7B18001F96FB /* Person.m */ = {isa = PBXFileReference; fileEncoding = 4; lastKnownFileType = sourcecode.c.objc; path = Person.m; sourceTree = "<group>"; };
		227A0DA7182AA2E0002A0DC0 /* XCTest.framework */ = {isa = PBXFileReference; lastKnownFileType = wrapper.framework; name = XCTest.framework; path = Library/Frameworks/XCTest.framework; sourceTree = DEVELOPER_DIR; };
		2282891A176F132A008A8B6F /* standard */ = {isa = PBXFileReference; lastKnownFileType = folder; name = standard; path = ../../Tests/Data/standard; sourceTree = "<group>"; };
		229627EE1760E1BF008D887F /* coma */ = {isa = PBXFileReference; explicitFileType = "compiled.mach-o.executable"; includeInIndex = 0; path = coma; sourceTree = BUILT_PRODUCTS_DIR; };
		229627F11760E1BF008D887F /* Foundation.framework */ = {isa = PBXFileReference; lastKnownFileType = wrapper.framework; name = Foundation.framework; path = System/Library/Frameworks/Foundation.framework; sourceTree = SDKROOT; };
		229627F41760E1BF008D887F /* main.m */ = {isa = PBXFileReference; lastKnownFileType = sourcecode.c.objc; path = main.m; sourceTree = "<group>"; };
		229627F81760E1C0008D887F /* Coma.1 */ = {isa = PBXFileReference; lastKnownFileType = text.man; path = Coma.1; sourceTree = "<group>"; };
		229628031760E1D5008D887F /* libComa.a */ = {isa = PBXFileReference; explicitFileType = archive.ar; includeInIndex = 0; path = libComa.a; sourceTree = BUILT_PRODUCTS_DIR; };
		229628041760E1D5008D887F /* Cocoa.framework */ = {isa = PBXFileReference; lastKnownFileType = wrapper.framework; name = Cocoa.framework; path = System/Library/Frameworks/Cocoa.framework; sourceTree = SDKROOT; };
		229628071760E1D5008D887F /* AppKit.framework */ = {isa = PBXFileReference; lastKnownFileType = wrapper.framework; name = AppKit.framework; path = System/Library/Frameworks/AppKit.framework; sourceTree = SDKROOT; };
		229628081760E1D5008D887F /* CoreData.framework */ = {isa = PBXFileReference; lastKnownFileType = wrapper.framework; name = CoreData.framework; path = System/Library/Frameworks/CoreData.framework; sourceTree = SDKROOT; };
		229628091760E1D5008D887F /* Foundation.framework */ = {isa = PBXFileReference; lastKnownFileType = wrapper.framework; name = Foundation.framework; path = System/Library/Frameworks/Foundation.framework; sourceTree = SDKROOT; };
		2296280D1760E1D5008D887F /* BCComaEngine.h */ = {isa = PBXFileReference; lastKnownFileType = sourcecode.c.h; path = BCComaEngine.h; sourceTree = "<group>"; };
		2296280E1760E1D5008D887F /* BCComaEngine.m */ = {isa = PBXFileReference; lastKnownFileType = sourcecode.c.objc; path = BCComaEngine.m; sourceTree = "<group>"; };
		229628151760E1D5008D887F /* LibraryTests.octest */ = {isa = PBXFileReference; explicitFileType = wrapper.cfbundle; includeInIndex = 0; path = LibraryTests.octest; sourceTree = BUILT_PRODUCTS_DIR; };
		229628161760E1D5008D887F /* SenTestingKit.framework */ = {isa = PBXFileReference; lastKnownFileType = wrapper.framework; name = SenTestingKit.framework; path = Library/Frameworks/SenTestingKit.framework; sourceTree = DEVELOPER_DIR; };
		2296281E1760E1D5008D887F /* Tests.plist */ = {isa = PBXFileReference; lastKnownFileType = text.plist.xml; path = Tests.plist; sourceTree = "<group>"; };
		229628201760E1D5008D887F /* en */ = {isa = PBXFileReference; lastKnownFileType = text.plist.strings; name = en; path = en.lproj/InfoPlist.strings; sourceTree = "<group>"; };
		229628231760E1D5008D887F /* LibraryTests.m */ = {isa = PBXFileReference; lastKnownFileType = sourcecode.c.objc; path = LibraryTests.m; sourceTree = "<group>"; };
		2296282C1760E30A008D887F /* ComaTool.xcconfig */ = {isa = PBXFileReference; lastKnownFileType = text.xcconfig; path = ComaTool.xcconfig; sourceTree = "<group>"; };
		2296282D1760E30A008D887F /* ComaToolDebug.xcconfig */ = {isa = PBXFileReference; lastKnownFileType = text.xcconfig; path = ComaToolDebug.xcconfig; sourceTree = "<group>"; };
		2296282E1760E30A008D887F /* ComaToolRelease.xcconfig */ = {isa = PBXFileReference; lastKnownFileType = text.xcconfig; path = ComaToolRelease.xcconfig; sourceTree = "<group>"; };
		2296282F1760E30A008D887F /* ComaLibrary.xcconfig */ = {isa = PBXFileReference; lastKnownFileType = text.xcconfig; path = ComaLibrary.xcconfig; sourceTree = "<group>"; };
		229628301760E30A008D887F /* ComaLibraryDebug.xcconfig */ = {isa = PBXFileReference; lastKnownFileType = text.xcconfig; path = ComaLibraryDebug.xcconfig; sourceTree = "<group>"; };
		229628311760E30A008D887F /* ComaLibraryRelease.xcconfig */ = {isa = PBXFileReference; lastKnownFileType = text.xcconfig; path = ComaLibraryRelease.xcconfig; sourceTree = "<group>"; };
		229628321760E30A008D887F /* ComaDebug.xcconfig */ = {isa = PBXFileReference; lastKnownFileType = text.xcconfig; path = ComaDebug.xcconfig; sourceTree = "<group>"; };
		229628361760E30A008D887F /* ComaRelease.xcconfig */ = {isa = PBXFileReference; lastKnownFileType = text.xcconfig; path = ComaRelease.xcconfig; sourceTree = "<group>"; };
		229628371760E30A008D887F /* ComaShared.xcconfig */ = {isa = PBXFileReference; lastKnownFileType = text.xcconfig; path = ComaShared.xcconfig; sourceTree = "<group>"; };
		229628381760E3D6008D887F /* ToolDebug.pch */ = {isa = PBXFileReference; fileEncoding = 4; lastKnownFileType = sourcecode.c.h; path = ToolDebug.pch; sourceTree = "<group>"; };
		229628391760E3D6008D887F /* ToolRelease.pch */ = {isa = PBXFileReference; fileEncoding = 4; lastKnownFileType = sourcecode.c.h; path = ToolRelease.pch; sourceTree = "<group>"; };
		2296283A1760E3D6008D887F /* ToolShared.pch */ = {isa = PBXFileReference; fileEncoding = 4; lastKnownFileType = sourcecode.c.h; path = ToolShared.pch; sourceTree = "<group>"; };
		2296283B1760E436008D887F /* LibraryDebug.pch */ = {isa = PBXFileReference; fileEncoding = 4; lastKnownFileType = sourcecode.c.h; name = LibraryDebug.pch; path = Source/Library/LibraryDebug.pch; sourceTree = SOURCE_ROOT; };
		2296283C1760E436008D887F /* LibraryRelease.pch */ = {isa = PBXFileReference; fileEncoding = 4; lastKnownFileType = sourcecode.c.h; name = LibraryRelease.pch; path = Source/Library/LibraryRelease.pch; sourceTree = SOURCE_ROOT; };
		2296283D1760E436008D887F /* LibraryShared.pch */ = {isa = PBXFileReference; fileEncoding = 4; lastKnownFileType = sourcecode.c.h; name = LibraryShared.pch; path = Source/Library/LibraryShared.pch; sourceTree = SOURCE_ROOT; };
		229628411760E5F1008D887F /* Coma.h */ = {isa = PBXFileReference; fileEncoding = 4; lastKnownFileType = sourcecode.c.h; path = Coma.h; sourceTree = "<group>"; };
		229628451760E95F008D887F /* Extras */ = {isa = PBXFileReference; lastKnownFileType = folder; path = Extras; sourceTree = "<group>"; };
		229628461760EE33008D887F /* libGRMustache6-MacOS.a */ = {isa = PBXFileReference; lastKnownFileType = archive.ar; name = "libGRMustache6-MacOS.a"; path = "/Caches/DerivedData/Coma-gyfgohgadfspibaebjmfbhfnbcbs/Build/Products/Debug/libGRMustache6-MacOS.a"; sourceTree = "<absolute>"; };
		229628481760F4F7008D887F /* BCComaModel.h */ = {isa = PBXFileReference; fileEncoding = 4; lastKnownFileType = sourcecode.c.h; path = BCComaModel.h; sourceTree = "<group>"; };
		229628491760F4F7008D887F /* BCComaModel.m */ = {isa = PBXFileReference; fileEncoding = 4; lastKnownFileType = sourcecode.c.objc; path = BCComaModel.m; sourceTree = "<group>"; };
		2296284C1760FBC2008D887F /* BCComaTemplates.h */ = {isa = PBXFileReference; fileEncoding = 4; lastKnownFileType = sourcecode.c.h; path = BCComaTemplates.h; sourceTree = "<group>"; };
		2296284D1760FBC2008D887F /* BCComaTemplates.m */ = {isa = PBXFileReference; fileEncoding = 4; lastKnownFileType = sourcecode.c.objc; path = BCComaTemplates.m; sourceTree = "<group>"; };
		229628501761014B008D887F /* Data */ = {isa = PBXFileReference; lastKnownFileType = folder; path = Data; sourceTree = "<group>"; };
		229628521761D8AC008D887F /* ExampleBasic.h */ = {isa = PBXFileReference; fileEncoding = 4; lastKnownFileType = sourcecode.c.h; name = ExampleBasic.h; path = Data/basic/ExampleBasic.h; sourceTree = "<group>"; };
		229628531761D8AC008D887F /* ExampleBasic.m */ = {isa = PBXFileReference; fileEncoding = 4; lastKnownFileType = sourcecode.c.objc; name = ExampleBasic.m; path = Data/basic/ExampleBasic.m; sourceTree = "<group>"; };
		229628581761D9DB008D887F /* CustomClass.h */ = {isa = PBXFileReference; fileEncoding = 4; lastKnownFileType = sourcecode.c.h; path = CustomClass.h; sourceTree = "<group>"; };
		229628591761D9DC008D887F /* CustomClass.m */ = {isa = PBXFileReference; fileEncoding = 4; lastKnownFileType = sourcecode.c.objc; path = CustomClass.m; sourceTree = "<group>"; };
		2296285D1761DA1A008D887F /* BaseClass.h */ = {isa = PBXFileReference; fileEncoding = 4; lastKnownFileType = sourcecode.c.h; path = BaseClass.h; sourceTree = "<group>"; };
		2296285E1761DA1A008D887F /* BaseClass.m */ = {isa = PBXFileReference; fileEncoding = 4; lastKnownFileType = sourcecode.c.objc; path = BaseClass.m; sourceTree = "<group>"; };
		22962865176204D2008D887F /* ExampleUndo.h */ = {isa = PBXFileReference; fileEncoding = 4; lastKnownFileType = sourcecode.c.h; name = ExampleUndo.h; path = Data/undo/ExampleUndo.h; sourceTree = "<group>"; };
		22962866176204D2008D887F /* ExampleUndo.m */ = {isa = PBXFileReference; fileEncoding = 4; lastKnownFileType = sourcecode.c.objc; name = ExampleUndo.m; path = Data/undo/ExampleUndo.m; sourceTree = "<group>"; };
		229628681762198A008D887F /* BCComaLazyLoadingTemplate.h */ = {isa = PBXFileReference; fileEncoding = 4; lastKnownFileType = sourcecode.c.h; path = BCComaLazyLoadingTemplate.h; sourceTree = "<group>"; };
		229628691762198A008D887F /* BCComaLazyLoadingTemplate.m */ = {isa = PBXFileReference; fileEncoding = 4; lastKnownFileType = sourcecode.c.objc; path = BCComaLazyLoadingTemplate.m; sourceTree = "<group>"; };
		229628C9176221F5008D887F /* libECCore.a */ = {isa = PBXFileReference; lastKnownFileType = archive.ar; path = libECCore.a; sourceTree = BUILT_PRODUCTS_DIR; };
		229628CA176221F6008D887F /* libECLogging.a */ = {isa = PBXFileReference; lastKnownFileType = archive.ar; path = libECLogging.a; sourceTree = BUILT_PRODUCTS_DIR; };
		229628CF17622726008D887F /* IOKit.framework */ = {isa = PBXFileReference; lastKnownFileType = wrapper.framework; name = IOKit.framework; path = Platforms/MacOSX.platform/Developer/SDKs/MacOSX10.8.sdk/System/Library/Frameworks/IOKit.framework; sourceTree = DEVELOPER_DIR; };
		229628D2176238D5008D887F /* ECUnitTests.framework */ = {isa = PBXFileReference; lastKnownFileType = wrapper.framework; path = ECUnitTests.framework; sourceTree = BUILT_PRODUCTS_DIR; };
		2296A8521768987E00BF0566 /* BCComaGenerateCommand.h */ = {isa = PBXFileReference; fileEncoding = 4; lastKnownFileType = sourcecode.c.h; path = BCComaGenerateCommand.h; sourceTree = "<group>"; };
		2296A8531768987E00BF0566 /* BCComaGenerateCommand.m */ = {isa = PBXFileReference; fileEncoding = 4; lastKnownFileType = sourcecode.c.objc; path = BCComaGenerateCommand.m; sourceTree = "<group>"; };
		22B450C217B541E40065DCC4 /* ComaSupport.h */ = {isa = PBXFileReference; fileEncoding = 4; lastKnownFileType = sourcecode.c.h; path = ComaSupport.h; sourceTree = "<group>"; };
		22B450C317B541E40065DCC4 /* ComaSupport.m */ = {isa = PBXFileReference; fileEncoding = 4; lastKnownFileType = sourcecode.c.objc; path = ComaSupport.m; sourceTree = "<group>"; };
/* End PBXFileReference section */

/* Begin PBXFrameworksBuildPhase section */
		229627EB1760E1BF008D887F /* Frameworks */ = {
			isa = PBXFrameworksBuildPhase;
			buildActionMask = 2147483647;
			files = (
				2207E4D0176883AC0003F042 /* Cocoa.framework in Frameworks */,
				2207E4D1176883BC0003F042 /* IOKit.framework in Frameworks */,
				2207E4CF176883810003F042 /* libECCommandLine.a in Frameworks */,
				2207E4CB176883800003F042 /* libECCore.a in Frameworks */,
				2207E4CC176883800003F042 /* libECLogging.a in Frameworks */,
				2207E4CD176883800003F042 /* libGRMustache6-MacOS.a in Frameworks */,
				229628431760E767008D887F /* libComa.a in Frameworks */,
			);
			runOnlyForDeploymentPostprocessing = 0;
		};
		229628001760E1D5008D887F /* Frameworks */ = {
			isa = PBXFrameworksBuildPhase;
			buildActionMask = 2147483647;
			files = (
				229628051760E1D5008D887F /* Cocoa.framework in Frameworks */,
			);
			runOnlyForDeploymentPostprocessing = 0;
		};
		229628111760E1D5008D887F /* Frameworks */ = {
			isa = PBXFrameworksBuildPhase;
			buildActionMask = 2147483647;
			files = (
				227A0DA8182AA2E0002A0DC0 /* XCTest.framework in Frameworks */,
				229628441760E827008D887F /* SenTestingKit.framework in Frameworks */,
				22F06D2A1768D138005E727B /* libGRMustache6-MacOS.a in Frameworks */,
				229628D3176238D5008D887F /* ECUnitTests.framework in Frameworks */,
				229628D017622726008D887F /* IOKit.framework in Frameworks */,
				229628CB176221F6008D887F /* libECCore.a in Frameworks */,
				229628CC176221F6008D887F /* libECLogging.a in Frameworks */,
				229628181760E1D5008D887F /* Cocoa.framework in Frameworks */,
				2296281B1760E1D5008D887F /* libComa.a in Frameworks */,
			);
			runOnlyForDeploymentPostprocessing = 0;
		};
/* End PBXFrameworksBuildPhase section */

/* Begin PBXGroup section */
		227867BC176B7356001F96FB /* Mogenerator */ = {
			isa = PBXGroup;
			children = (
				227867BD176B7356001F96FB /* Generated */,
				227867C2176B7356001F96FB /* Job.h */,
				227867C3176B7356001F96FB /* Job.m */,
				227867C4176B7356001F96FB /* Person.h */,
				227867C5176B7356001F96FB /* Person.m */,
			);
			name = Mogenerator;
			path = Data/coredata/Mogenerator;
			sourceTree = "<group>";
		};
		227867BD176B7356001F96FB /* Generated */ = {
			isa = PBXGroup;
			children = (
				227867BE176B7356001F96FB /* _Job.h */,
				227867BF176B7356001F96FB /* _Job.m */,
				227867C0176B7356001F96FB /* _Person.h */,
				227867C1176B7356001F96FB /* _Person.m */,
			);
			path = Generated;
			sourceTree = "<group>";
		};
		227867CA176B7365001F96FB /* CoreData */ = {
			isa = PBXGroup;
			children = (
				227867B2176B7061001F96FB /* CoreDataTests.m */,
				227867CC176B7B18001F96FB /* Coma */,
				227867BC176B7356001F96FB /* Mogenerator */,
				227867B5176B72C0001F96FB /* CoreData.xcdatamodeld */,
			);
			name = CoreData;
			sourceTree = "<group>";
		};
		227867CB176B745B001F96FB /* Basic */ = {
			isa = PBXGroup;
			children = (
				229628231760E1D5008D887F /* LibraryTests.m */,
				2296285D1761DA1A008D887F /* BaseClass.h */,
				2296285E1761DA1A008D887F /* BaseClass.m */,
				22B450C217B541E40065DCC4 /* ComaSupport.h */,
				22B450C317B541E40065DCC4 /* ComaSupport.m */,
				229628521761D8AC008D887F /* ExampleBasic.h */,
				229628531761D8AC008D887F /* ExampleBasic.m */,
				22962865176204D2008D887F /* ExampleUndo.h */,
				22962866176204D2008D887F /* ExampleUndo.m */,
				229628581761D9DB008D887F /* CustomClass.h */,
				229628591761D9DC008D887F /* CustomClass.m */,
			);
			name = Basic;
			sourceTree = "<group>";
		};
		227867CC176B7B18001F96FB /* Coma */ = {
			isa = PBXGroup;
			children = (
				22F6BBA2176CD82F005F878C /* Generated */,
				227867D1176B7B18001F96FB /* Job.h */,
				227867D2176B7B18001F96FB /* Job.m */,
				227867D3176B7B18001F96FB /* Person.h */,
				227867D4176B7B18001F96FB /* Person.m */,
			);
			name = Coma;
			path = Data/coredata/Coma;
			sourceTree = "<group>";
		};
		229627E51760E1BF008D887F = {
			isa = PBXGroup;
			children = (
				22164D9318181F1400ECDC0F /* README.md */,
				229627F31760E1BF008D887F /* Tool */,
				2296280A1760E1D5008D887F /* Library */,
				2296281C1760E1D5008D887F /* Tests */,
				2296282B1760E30A008D887F /* Configs */,
				229627F01760E1BF008D887F /* Frameworks */,
				229627EF1760E1BF008D887F /* Products */,
				229628451760E95F008D887F /* Extras */,
			);
			sourceTree = "<group>";
		};
		229627EF1760E1BF008D887F /* Products */ = {
			isa = PBXGroup;
			children = (
				229627EE1760E1BF008D887F /* coma */,
				229628031760E1D5008D887F /* libComa.a */,
				229628151760E1D5008D887F /* LibraryTests.octest */,
			);
			name = Products;
			sourceTree = "<group>";
		};
		229627F01760E1BF008D887F /* Frameworks */ = {
			isa = PBXGroup;
			children = (
				227A0DA7182AA2E0002A0DC0 /* XCTest.framework */,
				2207E4CE176883810003F042 /* libECCommandLine.a */,
				229628D2176238D5008D887F /* ECUnitTests.framework */,
				229628CF17622726008D887F /* IOKit.framework */,
				229628C9176221F5008D887F /* libECCore.a */,
				229628CA176221F6008D887F /* libECLogging.a */,
				229628461760EE33008D887F /* libGRMustache6-MacOS.a */,
				229627F11760E1BF008D887F /* Foundation.framework */,
				229628041760E1D5008D887F /* Cocoa.framework */,
				229628161760E1D5008D887F /* SenTestingKit.framework */,
				229628061760E1D5008D887F /* Other Frameworks */,
			);
			name = Frameworks;
			sourceTree = "<group>";
		};
		229627F31760E1BF008D887F /* Tool */ = {
			isa = PBXGroup;
			children = (
				229627F41760E1BF008D887F /* main.m */,
				229627F81760E1C0008D887F /* Coma.1 */,
				2207E4CA176877760003F042 /* Info.plist */,
				227867AC176A01FB001F96FB /* BCComaCommand.h */,
				227867AD176A01FB001F96FB /* BCComaCommand.m */,
				227867A91769FC9A001F96FB /* BCComaConvertCommand.h */,
				227867AA1769FC9A001F96FB /* BCComaConvertCommand.m */,
				2296A8521768987E00BF0566 /* BCComaGenerateCommand.h */,
				2296A8531768987E00BF0566 /* BCComaGenerateCommand.m */,
				229627F61760E1BF008D887F /* Supporting Files */,
			);
			name = Tool;
			path = Source/Tool;
			sourceTree = "<group>";
		};
		229627F61760E1BF008D887F /* Supporting Files */ = {
			isa = PBXGroup;
			children = (
				229628381760E3D6008D887F /* ToolDebug.pch */,
				229628391760E3D6008D887F /* ToolRelease.pch */,
				2296283A1760E3D6008D887F /* ToolShared.pch */,
				2282891A176F132A008A8B6F /* standard */,
			);
			name = "Supporting Files";
			sourceTree = "<group>";
		};
		229628061760E1D5008D887F /* Other Frameworks */ = {
			isa = PBXGroup;
			children = (
				229628071760E1D5008D887F /* AppKit.framework */,
				229628081760E1D5008D887F /* CoreData.framework */,
				229628091760E1D5008D887F /* Foundation.framework */,
			);
			name = "Other Frameworks";
			sourceTree = "<group>";
		};
		2296280A1760E1D5008D887F /* Library */ = {
			isa = PBXGroup;
			children = (
				229628411760E5F1008D887F /* Coma.h */,
				2296280D1760E1D5008D887F /* BCComaEngine.h */,
				2296280E1760E1D5008D887F /* BCComaEngine.m */,
				229628681762198A008D887F /* BCComaLazyLoadingTemplate.h */,
				229628691762198A008D887F /* BCComaLazyLoadingTemplate.m */,
				229628481760F4F7008D887F /* BCComaModel.h */,
				229628491760F4F7008D887F /* BCComaModel.m */,
				2296284C1760FBC2008D887F /* BCComaTemplates.h */,
				2296284D1760FBC2008D887F /* BCComaTemplates.m */,
				227867A31769CD7F001F96FB /* BCComaMomConverter.h */,
				227867A41769CD7F001F96FB /* BCComaMomConverter.m */,
				2296280B1760E1D5008D887F /* Supporting Files */,
			);
			name = Library;
			path = Source/Library;
			sourceTree = "<group>";
		};
		2296280B1760E1D5008D887F /* Supporting Files */ = {
			isa = PBXGroup;
			children = (
				2277B1FA177204490062D9BA /* standard */,
				2296283B1760E436008D887F /* LibraryDebug.pch */,
				2296283C1760E436008D887F /* LibraryRelease.pch */,
				2296283D1760E436008D887F /* LibraryShared.pch */,
			);
			name = "Supporting Files";
			sourceTree = "<group>";
		};
		2296281C1760E1D5008D887F /* Tests */ = {
			isa = PBXGroup;
			children = (
				227867A71769CF82001F96FB /* ConverterTests.m */,
				227867CA176B7365001F96FB /* CoreData */,
				227867CB176B745B001F96FB /* Basic */,
				229628501761014B008D887F /* Data */,
				2296281D1760E1D5008D887F /* Supporting Files */,
			);
			path = Tests;
			sourceTree = "<group>";
		};
		2296281D1760E1D5008D887F /* Supporting Files */ = {
			isa = PBXGroup;
			children = (
				2296281E1760E1D5008D887F /* Tests.plist */,
				2296281F1760E1D5008D887F /* InfoPlist.strings */,
			);
			name = "Supporting Files";
			sourceTree = "<group>";
		};
		2296282B1760E30A008D887F /* Configs */ = {
			isa = PBXGroup;
			children = (
				2296282C1760E30A008D887F /* ComaTool.xcconfig */,
				2296282D1760E30A008D887F /* ComaToolDebug.xcconfig */,
				2296282E1760E30A008D887F /* ComaToolRelease.xcconfig */,
				2296282F1760E30A008D887F /* ComaLibrary.xcconfig */,
				229628301760E30A008D887F /* ComaLibraryDebug.xcconfig */,
				229628311760E30A008D887F /* ComaLibraryRelease.xcconfig */,
				229628321760E30A008D887F /* ComaDebug.xcconfig */,
				229628361760E30A008D887F /* ComaRelease.xcconfig */,
				229628371760E30A008D887F /* ComaShared.xcconfig */,
			);
			name = Configs;
			path = Source/Configs;
			sourceTree = "<group>";
		};
		22F6BBA2176CD82F005F878C /* Generated */ = {
			isa = PBXGroup;
			children = (
				227867CD176B7B18001F96FB /* _Job.h */,
				227867CE176B7B18001F96FB /* _Job.m */,
				227867CF176B7B18001F96FB /* _Person.h */,
				227867D0176B7B18001F96FB /* _Person.m */,
			);
			path = Generated;
			sourceTree = "<group>";
		};
/* End PBXGroup section */

/* Begin PBXHeadersBuildPhase section */
		229628011760E1D5008D887F /* Headers */ = {
			isa = PBXHeadersBuildPhase;
			buildActionMask = 2147483647;
			files = (
				2296283E1760E436008D887F /* LibraryDebug.pch in Headers */,
				2296283F1760E436008D887F /* LibraryRelease.pch in Headers */,
				229628401760E436008D887F /* LibraryShared.pch in Headers */,
				229628421760E5F1008D887F /* Coma.h in Headers */,
				2296284A1760F4F7008D887F /* BCComaModel.h in Headers */,
				2296284E1760FBC2008D887F /* BCComaTemplates.h in Headers */,
				2296285A1761D9DC008D887F /* CustomClass.h in Headers */,
				2296285F1761DA1A008D887F /* BaseClass.h in Headers */,
				227867A51769CD7F001F96FB /* BCComaMomConverter.h in Headers */,
				2296286A1762198A008D887F /* BCComaLazyLoadingTemplate.h in Headers */,
			);
			runOnlyForDeploymentPostprocessing = 0;
		};
/* End PBXHeadersBuildPhase section */

/* Begin PBXNativeTarget section */
		229627ED1760E1BF008D887F /* Tool */ = {
			isa = PBXNativeTarget;
			buildConfigurationList = 229627FC1760E1C0008D887F /* Build configuration list for PBXNativeTarget "Tool" */;
			buildPhases = (
				22949B9A1770DF07008E8174 /* Update Version */,
				229627EA1760E1BF008D887F /* Sources */,
				229627EB1760E1BF008D887F /* Frameworks */,
				229627EC1760E1BF008D887F /* CopyFiles */,
				22828919176F12D1008A8B6F /* CopyFiles */,
			);
			buildRules = (
			);
			dependencies = (
			);
			name = Tool;
			productName = Coma;
			productReference = 229627EE1760E1BF008D887F /* coma */;
			productType = "com.apple.product-type.tool";
		};
		229628021760E1D5008D887F /* Library */ = {
			isa = PBXNativeTarget;
			buildConfigurationList = 229628251760E1D5008D887F /* Build configuration list for PBXNativeTarget "Library" */;
			buildPhases = (
				229627FF1760E1D5008D887F /* Sources */,
				229628001760E1D5008D887F /* Frameworks */,
				229628011760E1D5008D887F /* Headers */,
			);
			buildRules = (
			);
			dependencies = (
			);
			name = Library;
			productName = Library;
			productReference = 229628031760E1D5008D887F /* libComa.a */;
			productType = "com.apple.product-type.library.static";
		};
		229628141760E1D5008D887F /* LibraryTests */ = {
			isa = PBXNativeTarget;
			buildConfigurationList = 229628281760E1D5008D887F /* Build configuration list for PBXNativeTarget "LibraryTests" */;
			buildPhases = (
				227867B4176B70F1001F96FB /* Run Mogenerator */,
				229628101760E1D5008D887F /* Sources */,
				229628111760E1D5008D887F /* Frameworks */,
				229628121760E1D5008D887F /* Resources */,
				229628631761DC14008D887F /* Copy Example Source */,
				229628131760E1D5008D887F /* ShellScript */,
			);
			buildRules = (
			);
			dependencies = (
				2296281A1760E1D5008D887F /* PBXTargetDependency */,
			);
			name = LibraryTests;
			productName = LibraryTests;
			productReference = 229628151760E1D5008D887F /* LibraryTests.octest */;
			productType = "com.apple.product-type.bundle";
		};
/* End PBXNativeTarget section */

/* Begin PBXProject section */
		229627E61760E1BF008D887F /* Project object */ = {
			isa = PBXProject;
			attributes = {
				CLASSPREFIX = BC;
				LastUpgradeCheck = 0500;
				ORGANIZATIONNAME = "Bohemian Coding";
			};
			buildConfigurationList = 229627E91760E1BF008D887F /* Build configuration list for PBXProject "Coma" */;
			compatibilityVersion = "Xcode 3.2";
			developmentRegion = English;
			hasScannedForEncodings = 0;
			knownRegions = (
				en,
			);
			mainGroup = 229627E51760E1BF008D887F;
			productRefGroup = 229627EF1760E1BF008D887F /* Products */;
			projectDirPath = "";
			projectRoot = "";
			targets = (
				229627ED1760E1BF008D887F /* Tool */,
				229628021760E1D5008D887F /* Library */,
				229628141760E1D5008D887F /* LibraryTests */,
			);
		};
/* End PBXProject section */

/* Begin PBXResourcesBuildPhase section */
		229628121760E1D5008D887F /* Resources */ = {
			isa = PBXResourcesBuildPhase;
			buildActionMask = 2147483647;
			files = (
				229628211760E1D5008D887F /* InfoPlist.strings in Resources */,
				229628511761014B008D887F /* Data in Resources */,
			);
			runOnlyForDeploymentPostprocessing = 0;
		};
/* End PBXResourcesBuildPhase section */

/* Begin PBXShellScriptBuildPhase section */
		227867B4176B70F1001F96FB /* Run Mogenerator */ = {
			isa = PBXShellScriptBuildPhase;
			buildActionMask = 2147483647;
			files = (
			);
			inputPaths = (
			);
			name = "Run Mogenerator";
			outputPaths = (
			);
			runOnlyForDeploymentPostprocessing = 0;
			shellPath = /bin/sh;
			shellScript = "HUMAN_DIR=\"${SOURCE_ROOT}/Tests/Data/coredata/Mogenerator/\"\nMACHINE_DIR=\"${HUMAN_DIR}/Generated\"\n\nmkdir -p \"${HUMAN_DIR}\"\nmkdir -p \"${MACHINE_DIR}\"\n\nmg=/usr/local/bin/mogenerator\n\n$mg --model \"${SOURCE_ROOT}/Tests/Data/coredata/CoreData.xcdatamodeld/CoreData.xcdatamodel\" --human-dir \"${HUMAN_DIR}\" --machine-dir \"${MACHINE_DIR}\" --template-var arc=true\n\n";
			showEnvVarsInLog = 0;
		};
		22949B9A1770DF07008E8174 /* Update Version */ = {
			isa = PBXShellScriptBuildPhase;
			buildActionMask = 2147483647;
			files = (
			);
			inputPaths = (
			);
			name = "Update Version";
			outputPaths = (
			);
			runOnlyForDeploymentPostprocessing = 0;
			shellPath = /bin/sh;
			shellScript = "# copy the info plist into the build products dir - the linker will pick up this version\ncp \"${SOURCE_ROOT}/Source/Tool/Info.plist\" \"${TARGET_BUILD_DIR}/Info.plist\"\n\n# update the version information in the copy\n\"${SOURCE_ROOT}/Modules/ECLogging/Extras/Scripts/update-version.sh\" \"${TARGET_BUILD_DIR}/Info.plist\"\n";
			showEnvVarsInLog = 0;
		};
		229628131760E1D5008D887F /* ShellScript */ = {
			isa = PBXShellScriptBuildPhase;
			buildActionMask = 2147483647;
			files = (
			);
			inputPaths = (
			);
			outputPaths = (
			);
			runOnlyForDeploymentPostprocessing = 0;
			shellPath = /bin/sh;
			shellScript = "# Run the unit tests in this test bundle.\n\"${SYSTEM_DEVELOPER_DIR}/Tools/RunUnitTests\"\n";
			showEnvVarsInLog = 0;
		};
		229628631761DC14008D887F /* Copy Example Source */ = {
			isa = PBXShellScriptBuildPhase;
			buildActionMask = 2147483647;
			files = (
			);
			inputPaths = (
			);
			name = "Copy Example Source";
			outputPaths = (
			);
			runOnlyForDeploymentPostprocessing = 0;
			shellPath = /bin/sh;
			shellScript = "cp \"${SOURCE_ROOT}/Tests/Data/basic/ExampleBasic.\"* \"${TARGET_BUILD_DIR}/${UNLOCALIZED_RESOURCES_FOLDER_PATH}\"\ncp \"${SOURCE_ROOT}/Tests/Data/undo/ExampleUndo.\"* \"${TARGET_BUILD_DIR}/${UNLOCALIZED_RESOURCES_FOLDER_PATH}\"";
			showEnvVarsInLog = 0;
		};
/* End PBXShellScriptBuildPhase section */

/* Begin PBXSourcesBuildPhase section */
		229627EA1760E1BF008D887F /* Sources */ = {
			isa = PBXSourcesBuildPhase;
			buildActionMask = 2147483647;
			files = (
				2296A8541768987E00BF0566 /* BCComaGenerateCommand.m in Sources */,
				227867AB1769FC9A001F96FB /* BCComaConvertCommand.m in Sources */,
				227867AE176A01FF001F96FB /* BCComaCommand.m in Sources */,
				229627F51760E1BF008D887F /* main.m in Sources */,
			);
			runOnlyForDeploymentPostprocessing = 0;
		};
		229627FF1760E1D5008D887F /* Sources */ = {
			isa = PBXSourcesBuildPhase;
			buildActionMask = 2147483647;
			files = (
				2296280F1760E1D5008D887F /* BCComaEngine.m in Sources */,
				2296284B1760F4F7008D887F /* BCComaModel.m in Sources */,
				2296284F1760FBC2008D887F /* BCComaTemplates.m in Sources */,
				227867A61769CD7F001F96FB /* BCComaMomConverter.m in Sources */,
				2296286B1762198A008D887F /* BCComaLazyLoadingTemplate.m in Sources */,
			);
			runOnlyForDeploymentPostprocessing = 0;
		};
		229628101760E1D5008D887F /* Sources */ = {
			isa = PBXSourcesBuildPhase;
			buildActionMask = 2147483647;
			files = (
				22C112EF176C93B50056A4B6 /* Job.m in Sources */,
				22C112EE176C93B50056A4B6 /* _Person.m in Sources */,
				22C112ED176C93B50056A4B6 /* _Job.m in Sources */,
				227867B3176B7061001F96FB /* CoreDataTests.m in Sources */,
				22B450C417B541E40065DCC4 /* ComaSupport.m in Sources */,
				229628241760E1D5008D887F /* LibraryTests.m in Sources */,
				227867B8176B72C0001F96FB /* CoreData.xcdatamodeld in Sources */,
				22C112F0176C93B50056A4B6 /* Person.m in Sources */,
				2296285C1761D9E2008D887F /* CustomClass.m in Sources */,
				229628611761DA20008D887F /* BaseClass.m in Sources */,
				229628641761F29E008D887F /* ExampleBasic.m in Sources */,
				227867A81769CF82001F96FB /* ConverterTests.m in Sources */,
				22962867176204D2008D887F /* ExampleUndo.m in Sources */,
			);
			runOnlyForDeploymentPostprocessing = 0;
		};
/* End PBXSourcesBuildPhase section */

/* Begin PBXTargetDependency section */
		2296281A1760E1D5008D887F /* PBXTargetDependency */ = {
			isa = PBXTargetDependency;
			target = 229628021760E1D5008D887F /* Library */;
			targetProxy = 229628191760E1D5008D887F /* PBXContainerItemProxy */;
		};
/* End PBXTargetDependency section */

/* Begin PBXVariantGroup section */
		2296281F1760E1D5008D887F /* InfoPlist.strings */ = {
			isa = PBXVariantGroup;
			children = (
				229628201760E1D5008D887F /* en */,
			);
			name = InfoPlist.strings;
			sourceTree = "<group>";
		};
/* End PBXVariantGroup section */

/* Begin XCBuildConfiguration section */
		229627FA1760E1C0008D887F /* Debug */ = {
			isa = XCBuildConfiguration;
			buildSettings = {
			};
			name = Debug;
		};
		229627FB1760E1C0008D887F /* Release */ = {
			isa = XCBuildConfiguration;
			buildSettings = {
			};
			name = Release;
		};
		229627FD1760E1C0008D887F /* Debug */ = {
			isa = XCBuildConfiguration;
			baseConfigurationReference = 2296282D1760E30A008D887F /* ComaToolDebug.xcconfig */;
			buildSettings = {
				ARCHS = "$(NATIVE_ARCH_ACTUAL)";
				CLANG_ENABLE_OBJC_ARC = YES;
				OTHER_LDFLAGS = (
					"-ObjC",
					"-all_load",
					"-sectcreate",
					__TEXT,
					__info_plist,
					"$(TARGET_BUILD_DIR)/Info.plist",
				);
			};
			name = Debug;
		};
		229627FE1760E1C0008D887F /* Release */ = {
			isa = XCBuildConfiguration;
			baseConfigurationReference = 2296282E1760E30A008D887F /* ComaToolRelease.xcconfig */;
			buildSettings = {
				ARCHS = "$(NATIVE_ARCH_ACTUAL)";
				CLANG_ENABLE_OBJC_ARC = YES;
				OTHER_LDFLAGS = (
					"-ObjC",
					"-all_load",
					"-sectcreate",
					__TEXT,
					__info_plist,
					"$(TARGET_BUILD_DIR)/Info.plist",
				);
			};
			name = Release;
		};
		229628261760E1D5008D887F /* Debug */ = {
			isa = XCBuildConfiguration;
			baseConfigurationReference = 229628301760E30A008D887F /* ComaLibraryDebug.xcconfig */;
			buildSettings = {
				SKIP_INSTALL = YES;
			};
			name = Debug;
		};
		229628271760E1D5008D887F /* Release */ = {
			isa = XCBuildConfiguration;
			baseConfigurationReference = 229628311760E30A008D887F /* ComaLibraryRelease.xcconfig */;
			buildSettings = {
				SKIP_INSTALL = YES;
			};
			name = Release;
		};
		229628291760E1D5008D887F /* Debug */ = {
			isa = XCBuildConfiguration;
			baseConfigurationReference = 229628301760E30A008D887F /* ComaLibraryDebug.xcconfig */;
			buildSettings = {
				CLANG_ENABLE_OBJC_ARC = YES;
				COMBINE_HIDPI_IMAGES = YES;
				FRAMEWORK_SEARCH_PATHS = (
					"$(inherited)",
					"\"$(DEVELOPER_FRAMEWORKS_DIR)\"",
				);
				GCC_PRECOMPILE_PREFIX_HEADER = YES;
				GCC_PREFIX_HEADER = "Source/Library/Library$(CONFIGURATION).pch";
				INFOPLIST_FILE = Tests/Tests.plist;
				PRODUCT_NAME = "$(TARGET_NAME)";
				RUN_CLANG_STATIC_ANALYZER = NO;
				WRAPPER_EXTENSION = octest;
			};
			name = Debug;
		};
		2296282A1760E1D5008D887F /* Release */ = {
			isa = XCBuildConfiguration;
			baseConfigurationReference = 229628311760E30A008D887F /* ComaLibraryRelease.xcconfig */;
			buildSettings = {
				CLANG_ENABLE_OBJC_ARC = YES;
				COMBINE_HIDPI_IMAGES = YES;
				FRAMEWORK_SEARCH_PATHS = (
					"$(inherited)",
					"\"$(DEVELOPER_FRAMEWORKS_DIR)\"",
				);
				GCC_PRECOMPILE_PREFIX_HEADER = YES;
				GCC_PREFIX_HEADER = "Source/Library/Library$(CONFIGURATION).pch";
				INFOPLIST_FILE = Tests/Tests.plist;
				PRODUCT_NAME = "$(TARGET_NAME)";
				RUN_CLANG_STATIC_ANALYZER = NO;
				WRAPPER_EXTENSION = octest;
			};
			name = Release;
		};
/* End XCBuildConfiguration section */

/* Begin XCConfigurationList section */
		229627E91760E1BF008D887F /* Build configuration list for PBXProject "Coma" */ = {
			isa = XCConfigurationList;
			buildConfigurations = (
				229627FA1760E1C0008D887F /* Debug */,
				229627FB1760E1C0008D887F /* Release */,
			);
			defaultConfigurationIsVisible = 0;
			defaultConfigurationName = Release;
		};
		229627FC1760E1C0008D887F /* Build configuration list for PBXNativeTarget "Tool" */ = {
			isa = XCConfigurationList;
			buildConfigurations = (
				229627FD1760E1C0008D887F /* Debug */,
				229627FE1760E1C0008D887F /* Release */,
			);
			defaultConfigurationIsVisible = 0;
			defaultConfigurationName = Release;
		};
		229628251760E1D5008D887F /* Build configuration list for PBXNativeTarget "Library" */ = {
			isa = XCConfigurationList;
			buildConfigurations = (
				229628261760E1D5008D887F /* Debug */,
				229628271760E1D5008D887F /* Release */,
			);
			defaultConfigurationIsVisible = 0;
			defaultConfigurationName = Release;
		};
		229628281760E1D5008D887F /* Build configuration list for PBXNativeTarget "LibraryTests" */ = {
			isa = XCConfigurationList;
			buildConfigurations = (
				229628291760E1D5008D887F /* Debug */,
				2296282A1760E1D5008D887F /* Release */,
			);
			defaultConfigurationIsVisible = 0;
			defaultConfigurationName = Release;
		};
/* End XCConfigurationList section */

/* Begin XCVersionGroup section */
		227867B5176B72C0001F96FB /* CoreData.xcdatamodeld */ = {
			isa = XCVersionGroup;
			children = (
				227867B6176B72C0001F96FB /* CoreData.xcdatamodel */,
			);
			currentVersion = 227867B6176B72C0001F96FB /* CoreData.xcdatamodel */;
			name = CoreData.xcdatamodeld;
			path = Data/coredata/CoreData.xcdatamodeld;
			sourceTree = "<group>";
			versionGroupType = wrapper.xcdatamodel;
		};
/* End XCVersionGroup section */
	};
	rootObject = 229627E61760E1BF008D887F /* Project object */;
}
